
Microsoft Visual Studio Solution File, Format Version 12.00
# Visual Studio Version 17
VisualStudioVersion = 17.5.33627.172
MinimumVisualStudioVersion = 10.0.40219.1
Project("{FAE04EC0-301F-11D3-BF4B-00C04F79EFBC}") = "TheSims", "TheSims.csproj", "{13B24DA7-1568-4F1E-8937-4C07A6758858}"
EndProject
Global
	GlobalSection(SolutionConfigurationPlatforms) = preSolution
		Debug|Any CPU = Debug|Any CPU
		Release|Any CPU = Release|Any CPU
	EndGlobalSection
	GlobalSection(ProjectConfigurationPlatforms) = postSolution
		{13B24DA7-1568-4F1E-8937-4C07A6758858}.Debug|Any CPU.ActiveCfg = Debug|Any CPU
		{13B24DA7-1568-4F1E-8937-4C07A6758858}.Debug|Any CPU.Build.0 = Debug|Any CPU
		{13B24DA7-1568-4F1E-8937-4C07A6758858}.Release|Any CPU.ActiveCfg = Release|Any CPU
		{13B24DA7-1568-4F1E-8937-4C07A6758858}.Release|Any CPU.Build.0 = Release|Any CPU
	EndGlobalSection
	GlobalSection(SolutionProperties) = preSolution
		HideSolutionNode = FALSE
	EndGlobalSection
	GlobalSection(ExtensibilityGlobals) = postSolution
		SolutionGuid = {9D0F1354-19E2-4FF1-9049-C9879B3EB108}
	EndGlobalSection
EndGlobal
